// !$*UTF8*$!
{
	archiveVersion = 1;
	classes = {
	};
	objectVersion = 50;
	objects = {

/* Begin PBXBuildFile section */
		C730DB5A261C955D004E0CFC /* AppDelegate.swift in Sources */ = {isa = PBXBuildFile; fileRef = C730DB59261C955D004E0CFC /* AppDelegate.swift */; };
		C730DB5C261C955D004E0CFC /* SceneDelegate.swift in Sources */ = {isa = PBXBuildFile; fileRef = C730DB5B261C955D004E0CFC /* SceneDelegate.swift */; };
		C730DB5E261C955D004E0CFC /* ViewController.swift in Sources */ = {isa = PBXBuildFile; fileRef = C730DB5D261C955D004E0CFC /* ViewController.swift */; };
		C730DB61261C955D004E0CFC /* Main.storyboard in Resources */ = {isa = PBXBuildFile; fileRef = C730DB5F261C955D004E0CFC /* Main.storyboard */; };
		C730DB63261C955E004E0CFC /* Assets.xcassets in Resources */ = {isa = PBXBuildFile; fileRef = C730DB62261C955E004E0CFC /* Assets.xcassets */; };
		C730DB66261C955E004E0CFC /* LaunchScreen.storyboard in Resources */ = {isa = PBXBuildFile; fileRef = C730DB64261C955E004E0CFC /* LaunchScreen.storyboard */; };
		C7414030261DDEA100B9DC44 /* Job.swift in Sources */ = {isa = PBXBuildFile; fileRef = C741402F261DDEA100B9DC44 /* Job.swift */; };
		C7414034261DDEB100B9DC44 /* ExecutionQueueDelegate.swift in Sources */ = {isa = PBXBuildFile; fileRef = C7414033261DDEB100B9DC44 /* ExecutionQueueDelegate.swift */; };
		C75C992E261C540000B28CB1 /* ExecutionQueue.h in Headers */ = {isa = PBXBuildFile; fileRef = C75C9920261C540000B28CB1 /* ExecutionQueue.h */; settings = {ATTRIBUTES = (Public, ); }; };
		C75C993A261C541A00B28CB1 /* ExecutionQueue.swift in Sources */ = {isa = PBXBuildFile; fileRef = C75C9939261C541A00B28CB1 /* ExecutionQueue.swift */; };
/* End PBXBuildFile section */

/* Begin PBXFileReference section */
		C730DB57261C955D004E0CFC /* qt.app */ = {isa = PBXFileReference; explicitFileType = wrapper.application; includeInIndex = 0; path = qt.app; sourceTree = BUILT_PRODUCTS_DIR; };
		C730DB59261C955D004E0CFC /* AppDelegate.swift */ = {isa = PBXFileReference; lastKnownFileType = sourcecode.swift; path = AppDelegate.swift; sourceTree = "<group>"; };
		C730DB5B261C955D004E0CFC /* SceneDelegate.swift */ = {isa = PBXFileReference; lastKnownFileType = sourcecode.swift; path = SceneDelegate.swift; sourceTree = "<group>"; };
		C730DB5D261C955D004E0CFC /* ViewController.swift */ = {isa = PBXFileReference; lastKnownFileType = sourcecode.swift; path = ViewController.swift; sourceTree = "<group>"; };
		C730DB60261C955D004E0CFC /* Base */ = {isa = PBXFileReference; lastKnownFileType = file.storyboard; name = Base; path = Base.lproj/Main.storyboard; sourceTree = "<group>"; };
		C730DB62261C955E004E0CFC /* Assets.xcassets */ = {isa = PBXFileReference; lastKnownFileType = folder.assetcatalog; path = Assets.xcassets; sourceTree = "<group>"; };
		C730DB65261C955E004E0CFC /* Base */ = {isa = PBXFileReference; lastKnownFileType = file.storyboard; name = Base; path = Base.lproj/LaunchScreen.storyboard; sourceTree = "<group>"; };
		C730DB67261C955E004E0CFC /* Info.plist */ = {isa = PBXFileReference; lastKnownFileType = text.plist.xml; path = Info.plist; sourceTree = "<group>"; };
		C741402E261D90BB00B9DC44 /* ExecutionQueue.framework */ = {isa = PBXFileReference; explicitFileType = wrapper.framework; includeInIndex = 0; path = ExecutionQueue.framework; sourceTree = BUILT_PRODUCTS_DIR; };
		C741402F261DDEA100B9DC44 /* Job.swift */ = {isa = PBXFileReference; lastKnownFileType = sourcecode.swift; path = Job.swift; sourceTree = "<group>"; };
		C7414033261DDEB100B9DC44 /* ExecutionQueueDelegate.swift */ = {isa = PBXFileReference; lastKnownFileType = sourcecode.swift; path = ExecutionQueueDelegate.swift; sourceTree = "<group>"; };
		C75C9920261C540000B28CB1 /* ExecutionQueue.h */ = {isa = PBXFileReference; lastKnownFileType = sourcecode.c.h; path = ExecutionQueue.h; sourceTree = "<group>"; };
		C75C9921261C540000B28CB1 /* Info.plist */ = {isa = PBXFileReference; lastKnownFileType = text.plist.xml; path = Info.plist; sourceTree = "<group>"; };
		C75C9939261C541A00B28CB1 /* ExecutionQueue.swift */ = {isa = PBXFileReference; lastKnownFileType = sourcecode.swift; path = ExecutionQueue.swift; sourceTree = "<group>"; };
/* End PBXFileReference section */

/* Begin PBXFrameworksBuildPhase section */
		C730DB54261C955D004E0CFC /* Frameworks */ = {
			isa = PBXFrameworksBuildPhase;
			buildActionMask = 2147483647;
			files = (
			);
			runOnlyForDeploymentPostprocessing = 0;
		};
		C75C991A261C540000B28CB1 /* Frameworks */ = {
			isa = PBXFrameworksBuildPhase;
			buildActionMask = 2147483647;
			files = (
			);
			runOnlyForDeploymentPostprocessing = 0;
		};
/* End PBXFrameworksBuildPhase section */

/* Begin PBXGroup section */
		C730DB58261C955D004E0CFC /* qt */ = {
			isa = PBXGroup;
			children = (
				C730DB57261C955D004E0CFC /* qt.app */,
				C730DB59261C955D004E0CFC /* AppDelegate.swift */,
				C730DB5B261C955D004E0CFC /* SceneDelegate.swift */,
				C730DB5D261C955D004E0CFC /* ViewController.swift */,
				C730DB5F261C955D004E0CFC /* Main.storyboard */,
				C730DB62261C955E004E0CFC /* Assets.xcassets */,
				C730DB64261C955E004E0CFC /* LaunchScreen.storyboard */,
				C730DB67261C955E004E0CFC /* Info.plist */,
			);
			path = qt;
			sourceTree = "<group>";
		};
		C75C9913261C540000B28CB1 = {
			isa = PBXGroup;
			children = (
				C75C991F261C540000B28CB1 /* ExecutionQueue */,
				C730DB58261C955D004E0CFC /* qt */,
				C741402E261D90BB00B9DC44 /* ExecutionQueue.framework */,
			);
			sourceTree = "<group>";
		};
		C75C991F261C540000B28CB1 /* ExecutionQueue */ = {
			isa = PBXGroup;
			children = (
				C75C9920261C540000B28CB1 /* ExecutionQueue.h */,
				C75C9921261C540000B28CB1 /* Info.plist */,
				C75C9939261C541A00B28CB1 /* ExecutionQueue.swift */,
				C741402F261DDEA100B9DC44 /* Job.swift */,
				C7414033261DDEB100B9DC44 /* ExecutionQueueDelegate.swift */,
			);
			path = ExecutionQueue;
			sourceTree = "<group>";
		};
/* End PBXGroup section */

/* Begin PBXHeadersBuildPhase section */
		C75C9918261C540000B28CB1 /* Headers */ = {
			isa = PBXHeadersBuildPhase;
			buildActionMask = 2147483647;
			files = (
				C75C992E261C540000B28CB1 /* ExecutionQueue.h in Headers */,
			);
			runOnlyForDeploymentPostprocessing = 0;
		};
/* End PBXHeadersBuildPhase section */

/* Begin PBXNativeTarget section */
		C730DB56261C955D004E0CFC /* qt */ = {
			isa = PBXNativeTarget;
			buildConfigurationList = C730DB68261C955E004E0CFC /* Build configuration list for PBXNativeTarget "qt" */;
			buildPhases = (
				C730DB53261C955D004E0CFC /* Sources */,
				C730DB54261C955D004E0CFC /* Frameworks */,
				C730DB55261C955D004E0CFC /* Resources */,
			);
			buildRules = (
			);
			dependencies = (
			);
			name = qt;
			productName = qt;
			productReference = C730DB57261C955D004E0CFC /* qt.app */;
			productType = "com.apple.product-type.application";
		};
		C75C991C261C540000B28CB1 /* ExecutionQueue */ = {
			isa = PBXNativeTarget;
			buildConfigurationList = C75C9931261C540000B28CB1 /* Build configuration list for PBXNativeTarget "ExecutionQueue" */;
			buildPhases = (
				C75C9918261C540000B28CB1 /* Headers */,
				C75C9919261C540000B28CB1 /* Sources */,
				C75C991A261C540000B28CB1 /* Frameworks */,
				C75C991B261C540000B28CB1 /* Resources */,
			);
			buildRules = (
			);
			dependencies = (
			);
			name = ExecutionQueue;
			productName = ExecutionQueue;
			productReference = C741402E261D90BB00B9DC44 /* ExecutionQueue.framework */;
			productType = "com.apple.product-type.framework";
		};
/* End PBXNativeTarget section */

/* Begin PBXProject section */
		C75C9914261C540000B28CB1 /* Project object */ = {
			isa = PBXProject;
			attributes = {
				LastSwiftUpdateCheck = 1230;
				LastUpgradeCheck = 1230;
				TargetAttributes = {
					C730DB56261C955D004E0CFC = {
						CreatedOnToolsVersion = 12.3;
					};
					C75C991C261C540000B28CB1 = {
						CreatedOnToolsVersion = 12.3;
						LastSwiftMigration = 1230;
					};
				};
			};
			buildConfigurationList = C75C9917261C540000B28CB1 /* Build configuration list for PBXProject "ExecutionQueue" */;
			compatibilityVersion = "Xcode 9.3";
			developmentRegion = en;
			hasScannedForEncodings = 0;
			knownRegions = (
				en,
				Base,
			);
			mainGroup = C75C9913261C540000B28CB1;
			productRefGroup = C75C9913261C540000B28CB1;
			projectDirPath = "";
			projectRoot = "";
			targets = (
				C75C991C261C540000B28CB1 /* ExecutionQueue */,
				C730DB56261C955D004E0CFC /* qt */,
			);
		};
/* End PBXProject section */

/* Begin PBXResourcesBuildPhase section */
		C730DB55261C955D004E0CFC /* Resources */ = {
			isa = PBXResourcesBuildPhase;
			buildActionMask = 2147483647;
			files = (
				C730DB66261C955E004E0CFC /* LaunchScreen.storyboard in Resources */,
				C730DB63261C955E004E0CFC /* Assets.xcassets in Resources */,
				C730DB61261C955D004E0CFC /* Main.storyboard in Resources */,
			);
			runOnlyForDeploymentPostprocessing = 0;
		};
		C75C991B261C540000B28CB1 /* Resources */ = {
			isa = PBXResourcesBuildPhase;
			buildActionMask = 2147483647;
			files = (
			);
			runOnlyForDeploymentPostprocessing = 0;
		};
/* End PBXResourcesBuildPhase section */

/* Begin PBXSourcesBuildPhase section */
		C730DB53261C955D004E0CFC /* Sources */ = {
			isa = PBXSourcesBuildPhase;
			buildActionMask = 2147483647;
			files = (
				C730DB5E261C955D004E0CFC /* ViewController.swift in Sources */,
				C730DB5A261C955D004E0CFC /* AppDelegate.swift in Sources */,
				C730DB5C261C955D004E0CFC /* SceneDelegate.swift in Sources */,
			);
			runOnlyForDeploymentPostprocessing = 0;
		};
		C75C9919261C540000B28CB1 /* Sources */ = {
			isa = PBXSourcesBuildPhase;
			buildActionMask = 2147483647;
			files = (
				C75C993A261C541A00B28CB1 /* ExecutionQueue.swift in Sources */,
				C7414034261DDEB100B9DC44 /* ExecutionQueueDelegate.swift in Sources */,
				C7414030261DDEA100B9DC44 /* Job.swift in Sources */,
			);
			runOnlyForDeploymentPostprocessing = 0;
		};
/* End PBXSourcesBuildPhase section */

/* Begin PBXVariantGroup section */
		C730DB5F261C955D004E0CFC /* Main.storyboard */ = {
			isa = PBXVariantGroup;
			children = (
				C730DB60261C955D004E0CFC /* Base */,
			);
			name = Main.storyboard;
			sourceTree = "<group>";
		};
		C730DB64261C955E004E0CFC /* LaunchScreen.storyboard */ = {
			isa = PBXVariantGroup;
			children = (
				C730DB65261C955E004E0CFC /* Base */,
			);
			name = LaunchScreen.storyboard;
			sourceTree = "<group>";
		};
/* End PBXVariantGroup section */

/* Begin XCBuildConfiguration section */
		C730DB69261C955E004E0CFC /* Debug */ = {
			isa = XCBuildConfiguration;
			buildSettings = {
				ASSETCATALOG_COMPILER_APPICON_NAME = AppIcon;
				ASSETCATALOG_COMPILER_GLOBAL_ACCENT_COLOR_NAME = AccentColor;
				CODE_SIGN_STYLE = Automatic;
				DEVELOPMENT_TEAM = AVY9JCN7A6;
				INFOPLIST_FILE = qt/Info.plist;
				LD_RUNPATH_SEARCH_PATHS = (
					"$(inherited)",
					"@executable_path/Frameworks",
				);
				PRODUCT_BUNDLE_IDENTIFIER = com.beacon.intellicar.in.qt;
				PRODUCT_NAME = "$(TARGET_NAME)";
				SWIFT_VERSION = 5.0;
				TARGETED_DEVICE_FAMILY = "1,2";
			};
			name = Debug;
		};
		C730DB6A261C955E004E0CFC /* Release */ = {
			isa = XCBuildConfiguration;
			buildSettings = {
				ASSETCATALOG_COMPILER_APPICON_NAME = AppIcon;
				ASSETCATALOG_COMPILER_GLOBAL_ACCENT_COLOR_NAME = AccentColor;
				CODE_SIGN_STYLE = Automatic;
				DEVELOPMENT_TEAM = AVY9JCN7A6;
				INFOPLIST_FILE = qt/Info.plist;
				LD_RUNPATH_SEARCH_PATHS = (
					"$(inherited)",
					"@executable_path/Frameworks",
				);
				PRODUCT_BUNDLE_IDENTIFIER = com.beacon.intellicar.in.qt;
				PRODUCT_NAME = "$(TARGET_NAME)";
				SWIFT_VERSION = 5.0;
				TARGETED_DEVICE_FAMILY = "1,2";
			};
			name = Release;
		};
		C75C992F261C540000B28CB1 /* Debug */ = {
			isa = XCBuildConfiguration;
			buildSettings = {
				ALWAYS_SEARCH_USER_PATHS = NO;
				CLANG_ANALYZER_NONNULL = YES;
				CLANG_ANALYZER_NUMBER_OBJECT_CONVERSION = YES_AGGRESSIVE;
				CLANG_CXX_LANGUAGE_STANDARD = "gnu++14";
				CLANG_CXX_LIBRARY = "libc++";
				CLANG_ENABLE_MODULES = YES;
				CLANG_ENABLE_OBJC_ARC = YES;
				CLANG_ENABLE_OBJC_WEAK = YES;
				CLANG_WARN_BLOCK_CAPTURE_AUTORELEASING = YES;
				CLANG_WARN_BOOL_CONVERSION = YES;
				CLANG_WARN_COMMA = YES;
				CLANG_WARN_CONSTANT_CONVERSION = YES;
				CLANG_WARN_DEPRECATED_OBJC_IMPLEMENTATIONS = YES;
				CLANG_WARN_DIRECT_OBJC_ISA_USAGE = YES_ERROR;
				CLANG_WARN_DOCUMENTATION_COMMENTS = YES;
				CLANG_WARN_EMPTY_BODY = YES;
				CLANG_WARN_ENUM_CONVERSION = YES;
				CLANG_WARN_INFINITE_RECURSION = YES;
				CLANG_WARN_INT_CONVERSION = YES;
				CLANG_WARN_NON_LITERAL_NULL_CONVERSION = YES;
				CLANG_WARN_OBJC_IMPLICIT_RETAIN_SELF = YES;
				CLANG_WARN_OBJC_LITERAL_CONVERSION = YES;
				CLANG_WARN_OBJC_ROOT_CLASS = YES_ERROR;
				CLANG_WARN_QUOTED_INCLUDE_IN_FRAMEWORK_HEADER = YES;
				CLANG_WARN_RANGE_LOOP_ANALYSIS = YES;
				CLANG_WARN_STRICT_PROTOTYPES = YES;
				CLANG_WARN_SUSPICIOUS_MOVE = YES;
				CLANG_WARN_UNGUARDED_AVAILABILITY = YES_AGGRESSIVE;
				CLANG_WARN_UNREACHABLE_CODE = YES;
				CLANG_WARN__DUPLICATE_METHOD_MATCH = YES;
				COPY_PHASE_STRIP = NO;
				CURRENT_PROJECT_VERSION = 1;
				DEBUG_INFORMATION_FORMAT = dwarf;
				ENABLE_STRICT_OBJC_MSGSEND = YES;
				ENABLE_TESTABILITY = YES;
				GCC_C_LANGUAGE_STANDARD = gnu11;
				GCC_DYNAMIC_NO_PIC = NO;
				GCC_NO_COMMON_BLOCKS = YES;
				GCC_OPTIMIZATION_LEVEL = 0;
				GCC_PREPROCESSOR_DEFINITIONS = (
					"DEBUG=1",
					"$(inherited)",
				);
				GCC_WARN_64_TO_32_BIT_CONVERSION = YES;
				GCC_WARN_ABOUT_RETURN_TYPE = YES_ERROR;
				GCC_WARN_UNDECLARED_SELECTOR = YES;
				GCC_WARN_UNINITIALIZED_AUTOS = YES_AGGRESSIVE;
				GCC_WARN_UNUSED_FUNCTION = YES;
				GCC_WARN_UNUSED_VARIABLE = YES;
				IPHONEOS_DEPLOYMENT_TARGET = 14.3;
				MTL_ENABLE_DEBUG_INFO = INCLUDE_SOURCE;
				MTL_FAST_MATH = YES;
				ONLY_ACTIVE_ARCH = YES;
				SDKROOT = iphoneos;
				SWIFT_ACTIVE_COMPILATION_CONDITIONS = DEBUG;
				SWIFT_OPTIMIZATION_LEVEL = "-Onone";
				VERSIONING_SYSTEM = "apple-generic";
				VERSION_INFO_PREFIX = "";
			};
			name = Debug;
		};
		C75C9930261C540000B28CB1 /* Release */ = {
			isa = XCBuildConfiguration;
			buildSettings = {
				ALWAYS_SEARCH_USER_PATHS = NO;
				CLANG_ANALYZER_NONNULL = YES;
				CLANG_ANALYZER_NUMBER_OBJECT_CONVERSION = YES_AGGRESSIVE;
				CLANG_CXX_LANGUAGE_STANDARD = "gnu++14";
				CLANG_CXX_LIBRARY = "libc++";
				CLANG_ENABLE_MODULES = YES;
				CLANG_ENABLE_OBJC_ARC = YES;
				CLANG_ENABLE_OBJC_WEAK = YES;
				CLANG_WARN_BLOCK_CAPTURE_AUTORELEASING = YES;
				CLANG_WARN_BOOL_CONVERSION = YES;
				CLANG_WARN_COMMA = YES;
				CLANG_WARN_CONSTANT_CONVERSION = YES;
				CLANG_WARN_DEPRECATED_OBJC_IMPLEMENTATIONS = YES;
				CLANG_WARN_DIRECT_OBJC_ISA_USAGE = YES_ERROR;
				CLANG_WARN_DOCUMENTATION_COMMENTS = YES;
				CLANG_WARN_EMPTY_BODY = YES;
				CLANG_WARN_ENUM_CONVERSION = YES;
				CLANG_WARN_INFINITE_RECURSION = YES;
				CLANG_WARN_INT_CONVERSION = YES;
				CLANG_WARN_NON_LITERAL_NULL_CONVERSION = YES;
				CLANG_WARN_OBJC_IMPLICIT_RETAIN_SELF = YES;
				CLANG_WARN_OBJC_LITERAL_CONVERSION = YES;
				CLANG_WARN_OBJC_ROOT_CLASS = YES_ERROR;
				CLANG_WARN_QUOTED_INCLUDE_IN_FRAMEWORK_HEADER = YES;
				CLANG_WARN_RANGE_LOOP_ANALYSIS = YES;
				CLANG_WARN_STRICT_PROTOTYPES = YES;
				CLANG_WARN_SUSPICIOUS_MOVE = YES;
				CLANG_WARN_UNGUARDED_AVAILABILITY = YES_AGGRESSIVE;
				CLANG_WARN_UNREACHABLE_CODE = YES;
				CLANG_WARN__DUPLICATE_METHOD_MATCH = YES;
				COPY_PHASE_STRIP = NO;
				CURRENT_PROJECT_VERSION = 1;
				DEBUG_INFORMATION_FORMAT = "dwarf-with-dsym";
				ENABLE_NS_ASSERTIONS = NO;
				ENABLE_STRICT_OBJC_MSGSEND = YES;
				GCC_C_LANGUAGE_STANDARD = gnu11;
				GCC_NO_COMMON_BLOCKS = YES;
				GCC_WARN_64_TO_32_BIT_CONVERSION = YES;
				GCC_WARN_ABOUT_RETURN_TYPE = YES_ERROR;
				GCC_WARN_UNDECLARED_SELECTOR = YES;
				GCC_WARN_UNINITIALIZED_AUTOS = YES_AGGRESSIVE;
				GCC_WARN_UNUSED_FUNCTION = YES;
				GCC_WARN_UNUSED_VARIABLE = YES;
				IPHONEOS_DEPLOYMENT_TARGET = 14.3;
				MTL_ENABLE_DEBUG_INFO = NO;
				MTL_FAST_MATH = YES;
				SDKROOT = iphoneos;
				SWIFT_COMPILATION_MODE = wholemodule;
				SWIFT_OPTIMIZATION_LEVEL = "-O";
				VALIDATE_PRODUCT = YES;
				VERSIONING_SYSTEM = "apple-generic";
				VERSION_INFO_PREFIX = "";
			};
			name = Release;
		};
		C75C9932261C540000B28CB1 /* Debug */ = {
			isa = XCBuildConfiguration;
			buildSettings = {
				CLANG_ENABLE_MODULES = YES;
				CODE_SIGN_STYLE = Automatic;
				DEFINES_MODULE = YES;
				DEVELOPMENT_TEAM = AVY9JCN7A6;
				DYLIB_COMPATIBILITY_VERSION = 1;
				DYLIB_CURRENT_VERSION = 1;
				DYLIB_INSTALL_NAME_BASE = "@rpath";
				INFOPLIST_FILE = ExecutionQueue/Info.plist;
				INSTALL_PATH = "$(LOCAL_LIBRARY_DIR)/Frameworks";
				LD_RUNPATH_SEARCH_PATHS = (
					"$(inherited)",
					"@executable_path/Frameworks",
					"@loader_path/Frameworks",
				);
				PRODUCT_BUNDLE_IDENTIFIER = com.beacon.intellicar.in.ExecutionQueue;
				PRODUCT_NAME = "$(TARGET_NAME:c99extidentifier)";
				SKIP_INSTALL = YES;
				SWIFT_OPTIMIZATION_LEVEL = "-Onone";
				SWIFT_VERSION = 5.0;
				TARGETED_DEVICE_FAMILY = "1,2";
			};
			name = Debug;
		};
		C75C9933261C540000B28CB1 /* Release */ = {
			isa = XCBuildConfiguration;
			buildSettings = {
				CLANG_ENABLE_MODULES = YES;
				CODE_SIGN_STYLE = Automatic;
				DEFINES_MODULE = YES;
				DEVELOPMENT_TEAM = AVY9JCN7A6;
				DYLIB_COMPATIBILITY_VERSION = 1;
				DYLIB_CURRENT_VERSION = 1;
				DYLIB_INSTALL_NAME_BASE = "@rpath";
				INFOPLIST_FILE = ExecutionQueue/Info.plist;
				INSTALL_PATH = "$(LOCAL_LIBRARY_DIR)/Frameworks";
				LD_RUNPATH_SEARCH_PATHS = (
					"$(inherited)",
					"@executable_path/Frameworks",
					"@loader_path/Frameworks",
				);
				PRODUCT_BUNDLE_IDENTIFIER = com.beacon.intellicar.in.ExecutionQueue;
				PRODUCT_NAME = "$(TARGET_NAME:c99extidentifier)";
				SKIP_INSTALL = YES;
				SWIFT_VERSION = 5.0;
				TARGETED_DEVICE_FAMILY = "1,2";
			};
			name = Release;
		};
/* End XCBuildConfiguration section */

/* Begin XCConfigurationList section */
		C730DB68261C955E004E0CFC /* Build configuration list for PBXNativeTarget "qt" */ = {
			isa = XCConfigurationList;
			buildConfigurations = (
				C730DB69261C955E004E0CFC /* Debug */,
				C730DB6A261C955E004E0CFC /* Release */,
			);
			defaultConfigurationIsVisible = 0;
			defaultConfigurationName = Release;
		};
		C75C9917261C540000B28CB1 /* Build configuration list for PBXProject "ExecutionQueue" */ = {
			isa = XCConfigurationList;
			buildConfigurations = (
				C75C992F261C540000B28CB1 /* Debug */,
				C75C9930261C540000B28CB1 /* Release */,
			);
			defaultConfigurationIsVisible = 0;
			defaultConfigurationName = Release;
		};
		C75C9931261C540000B28CB1 /* Build configuration list for PBXNativeTarget "ExecutionQueue" */ = {
			isa = XCConfigurationList;
			buildConfigurations = (
				C75C9932261C540000B28CB1 /* Debug */,
				C75C9933261C540000B28CB1 /* Release */,
			);
			defaultConfigurationIsVisible = 0;
			defaultConfigurationName = Release;
		};
/* End XCConfigurationList section */
	};
	rootObject = C75C9914261C540000B28CB1 /* Project object */;
}
